
Microsoft Visual Studio Solution File, Format Version 12.00
# Visual Studio Version 16
VisualStudioVersion = 16.0.30114.105
MinimumVisualStudioVersion = 10.0.40219.1
Project("{FAE04EC0-301F-11D3-BF4B-00C04F79EFBC}") = "API", "API\API.csproj", "{E29B033C-A4F6-4E72-9E91-8285DDB8B805}"
EndProject
Project("{FAE04EC0-301F-11D3-BF4B-00C04F79EFBC}") = "Application", "Application\Application.csproj", "{A4C52BFA-EC59-4F2F-93E1-C69918E55C38}"
EndProject
Project("{FAE04EC0-301F-11D3-BF4B-00C04F79EFBC}") = "Persistence", "Persistence\Persistence.csproj", "{46882F74-0C61-486D-8D9D-8ED260A95560}"
EndProject
Project("{FAE04EC0-301F-11D3-BF4B-00C04F79EFBC}") = "Domain", "Domain\Domain.csproj", "{5BA8E86A-D384-48BA-B98A-30D65D49CC70}"
EndProject
Global
	GlobalSection(SolutionConfigurationPlatforms) = preSolution
		Debug|Any CPU = Debug|Any CPU
		Debug|x64 = Debug|x64
		Debug|x86 = Debug|x86
		Release|Any CPU = Release|Any CPU
		Release|x64 = Release|x64
		Release|x86 = Release|x86
	EndGlobalSection
	GlobalSection(SolutionProperties) = preSolution
		HideSolutionNode = FALSE
	EndGlobalSection
	GlobalSection(ProjectConfigurationPlatforms) = postSolution
		{E29B033C-A4F6-4E72-9E91-8285DDB8B805}.Debug|Any CPU.ActiveCfg = Debug|Any CPU
		{E29B033C-A4F6-4E72-9E91-8285DDB8B805}.Debug|Any CPU.Build.0 = Debug|Any CPU
		{E29B033C-A4F6-4E72-9E91-8285DDB8B805}.Debug|x64.ActiveCfg = Debug|Any CPU
		{E29B033C-A4F6-4E72-9E91-8285DDB8B805}.Debug|x64.Build.0 = Debug|Any CPU
		{E29B033C-A4F6-4E72-9E91-8285DDB8B805}.Debug|x86.ActiveCfg = Debug|Any CPU
		{E29B033C-A4F6-4E72-9E91-8285DDB8B805}.Debug|x86.Build.0 = Debug|Any CPU
		{E29B033C-A4F6-4E72-9E91-8285DDB8B805}.Release|Any CPU.ActiveCfg = Release|Any CPU
		{E29B033C-A4F6-4E72-9E91-8285DDB8B805}.Release|Any CPU.Build.0 = Release|Any CPU
		{E29B033C-A4F6-4E72-9E91-8285DDB8B805}.Release|x64.ActiveCfg = Release|Any CPU
		{E29B033C-A4F6-4E72-9E91-8285DDB8B805}.Release|x64.Build.0 = Release|Any CPU
		{E29B033C-A4F6-4E72-9E91-8285DDB8B805}.Release|x86.ActiveCfg = Release|Any CPU
		{E29B033C-A4F6-4E72-9E91-8285DDB8B805}.Release|x86.Build.0 = Release|Any CPU
		{A4C52BFA-EC59-4F2F-93E1-C69918E55C38}.Debug|Any CPU.ActiveCfg = Debug|Any CPU
		{A4C52BFA-EC59-4F2F-93E1-C69918E55C38}.Debug|Any CPU.Build.0 = Debug|Any CPU
		{A4C52BFA-EC59-4F2F-93E1-C69918E55C38}.Debug|x64.ActiveCfg = Debug|Any CPU
		{A4C52BFA-EC59-4F2F-93E1-C69918E55C38}.Debug|x64.Build.0 = Debug|Any CPU
		{A4C52BFA-EC59-4F2F-93E1-C69918E55C38}.Debug|x86.ActiveCfg = Debug|Any CPU
		{A4C52BFA-EC59-4F2F-93E1-C69918E55C38}.Debug|x86.Build.0 = Debug|Any CPU
		{A4C52BFA-EC59-4F2F-93E1-C69918E55C38}.Release|Any CPU.ActiveCfg = Release|Any CPU
		{A4C52BFA-EC59-4F2F-93E1-C69918E55C38}.Release|Any CPU.Build.0 = Release|Any CPU
		{A4C52BFA-EC59-4F2F-93E1-C69918E55C38}.Release|x64.ActiveCfg = Release|Any CPU
		{A4C52BFA-EC59-4F2F-93E1-C69918E55C38}.Release|x64.Build.0 = Release|Any CPU
		{A4C52BFA-EC59-4F2F-93E1-C69918E55C38}.Release|x86.ActiveCfg = Release|Any CPU
		{A4C52BFA-EC59-4F2F-93E1-C69918E55C38}.Release|x86.Build.0 = Release|Any CPU
		{46882F74-0C61-486D-8D9D-8ED260A95560}.Debug|Any CPU.ActiveCfg = Debug|Any CPU
		{46882F74-0C61-486D-8D9D-8ED260A95560}.Debug|Any CPU.Build.0 = Debug|Any CPU
		{46882F74-0C61-486D-8D9D-8ED260A95560}.Debug|x64.ActiveCfg = Debug|Any CPU
		{46882F74-0C61-486D-8D9D-8ED260A95560}.Debug|x64.Build.0 = Debug|Any CPU
		{46882F74-0C61-486D-8D9D-8ED260A95560}.Debug|x86.ActiveCfg = Debug|Any CPU
		{46882F74-0C61-486D-8D9D-8ED260A95560}.Debug|x86.Build.0 = Debug|Any CPU
		{46882F74-0C61-486D-8D9D-8ED260A95560}.Release|Any CPU.ActiveCfg = Release|Any CPU
		{46882F74-0C61-486D-8D9D-8ED260A95560}.Release|Any CPU.Build.0 = Release|Any CPU
		{46882F74-0C61-486D-8D9D-8ED260A95560}.Release|x64.ActiveCfg = Release|Any CPU
		{46882F74-0C61-486D-8D9D-8ED260A95560}.Release|x64.Build.0 = Release|Any CPU
		{46882F74-0C61-486D-8D9D-8ED260A95560}.Release|x86.ActiveCfg = Release|Any CPU
		{46882F74-0C61-486D-8D9D-8ED260A95560}.Release|x86.Build.0 = Release|Any CPU
		{5BA8E86A-D384-48BA-B98A-30D65D49CC70}.Debug|Any CPU.ActiveCfg = Debug|Any CPU
		{5BA8E86A-D384-48BA-B98A-30D65D49CC70}.Debug|Any CPU.Build.0 = Debug|Any CPU
		{5BA8E86A-D384-48BA-B98A-30D65D49CC70}.Debug|x64.ActiveCfg = Debug|Any CPU
		{5BA8E86A-D384-48BA-B98A-30D65D49CC70}.Debug|x64.Build.0 = Debug|Any CPU
		{5BA8E86A-D384-48BA-B98A-30D65D49CC70}.Debug|x86.ActiveCfg = Debug|Any CPU
		{5BA8E86A-D384-48BA-B98A-30D65D49CC70}.Debug|x86.Build.0 = Debug|Any CPU
		{5BA8E86A-D384-48BA-B98A-30D65D49CC70}.Release|Any CPU.ActiveCfg = Release|Any CPU
		{5BA8E86A-D384-48BA-B98A-30D65D49CC70}.Release|Any CPU.Build.0 = Release|Any CPU
		{5BA8E86A-D384-48BA-B98A-30D65D49CC70}.Release|x64.ActiveCfg = Release|Any CPU
		{5BA8E86A-D384-48BA-B98A-30D65D49CC70}.Release|x64.Build.0 = Release|Any CPU
		{5BA8E86A-D384-48BA-B98A-30D65D49CC70}.Release|x86.ActiveCfg = Release|Any CPU
		{5BA8E86A-D384-48BA-B98A-30D65D49CC70}.Release|x86.Build.0 = Release|Any CPU
	EndGlobalSection
EndGlobal
